// !$*UTF8*$!
{
	archiveVersion = 1;
	classes = {
	};
	objectVersion = 50;
	objects = {

/* Begin PBXBuildFile section */
		A8006A9323F45DC100BFF00E /* Starting.swift in Sources */ = {isa = PBXBuildFile; fileRef = A8006A9223F45DC000BFF00E /* Starting.swift */; };
		A8006A9523F45E6100BFF00E /* Setup.swift in Sources */ = {isa = PBXBuildFile; fileRef = A8006A9423F45E6100BFF00E /* Setup.swift */; };
		A82A6B8D23F30C7300655B85 /* stats.swift in Sources */ = {isa = PBXBuildFile; fileRef = A82A6B8C23F30C7300655B85 /* stats.swift */; };
		A858B3C623EF17EB00A904E4 /* AppDelegate.swift in Sources */ = {isa = PBXBuildFile; fileRef = A858B3C523EF17EB00A904E4 /* AppDelegate.swift */; };
		A858B3C823EF17EB00A904E4 /* SceneDelegate.swift in Sources */ = {isa = PBXBuildFile; fileRef = A858B3C723EF17EB00A904E4 /* SceneDelegate.swift */; };
		A858B3CA23EF17EB00A904E4 /* Maingame.swift in Sources */ = {isa = PBXBuildFile; fileRef = A858B3C923EF17EB00A904E4 /* Maingame.swift */; };
		A858B3CD23EF17EB00A904E4 /* Main.storyboard in Resources */ = {isa = PBXBuildFile; fileRef = A858B3CB23EF17EB00A904E4 /* Main.storyboard */; };
		A858B3CF23EF17F000A904E4 /* Assets.xcassets in Resources */ = {isa = PBXBuildFile; fileRef = A858B3CE23EF17F000A904E4 /* Assets.xcassets */; };
		A858B3D223EF17F000A904E4 /* LaunchScreen.storyboard in Resources */ = {isa = PBXBuildFile; fileRef = A858B3D023EF17F000A904E4 /* LaunchScreen.storyboard */; };
		A8B0164C23F60AC00018122B /* gameOver.swift in Sources */ = {isa = PBXBuildFile; fileRef = A8B0164B23F60AC00018122B /* gameOver.swift */; };
		A8B0164E23FC45DD0018122B /* CassandraPersonalUseRegular-3BjG.ttf in Resources */ = {isa = PBXBuildFile; fileRef = A8B0164D23FC45DD0018122B /* CassandraPersonalUseRegular-3BjG.ttf */; };
		A8B0165023FC48EF0018122B /* Pinecone-Regular.ttf in Resources */ = {isa = PBXBuildFile; fileRef = A8B0164F23FC48EF0018122B /* Pinecone-Regular.ttf */; };
		A8B0165223FC52170018122B /* equation.swift in Sources */ = {isa = PBXBuildFile; fileRef = A8B0165123FC52170018122B /* equation.swift */; };
/* End PBXBuildFile section */

/* Begin PBXFileReference section */
		A8006A9223F45DC000BFF00E /* Starting.swift */ = {isa = PBXFileReference; lastKnownFileType = sourcecode.swift; path = Starting.swift; sourceTree = "<group>"; };
		A8006A9423F45E6100BFF00E /* Setup.swift */ = {isa = PBXFileReference; lastKnownFileType = sourcecode.swift; path = Setup.swift; sourceTree = "<group>"; };
		A82A6B8C23F30C7300655B85 /* stats.swift */ = {isa = PBXFileReference; lastKnownFileType = sourcecode.swift; path = stats.swift; sourceTree = "<group>"; };
		A858B3C223EF17EB00A904E4 /* Math.app */ = {isa = PBXFileReference; explicitFileType = wrapper.application; includeInIndex = 0; path = Math.app; sourceTree = BUILT_PRODUCTS_DIR; };
		A858B3C523EF17EB00A904E4 /* AppDelegate.swift */ = {isa = PBXFileReference; lastKnownFileType = sourcecode.swift; path = AppDelegate.swift; sourceTree = "<group>"; };
		A858B3C723EF17EB00A904E4 /* SceneDelegate.swift */ = {isa = PBXFileReference; lastKnownFileType = sourcecode.swift; path = SceneDelegate.swift; sourceTree = "<group>"; };
		A858B3C923EF17EB00A904E4 /* Maingame.swift */ = {isa = PBXFileReference; lastKnownFileType = sourcecode.swift; path = Maingame.swift; sourceTree = "<group>"; };
		A858B3CC23EF17EB00A904E4 /* Base */ = {isa = PBXFileReference; lastKnownFileType = file.storyboard; name = Base; path = Base.lproj/Main.storyboard; sourceTree = "<group>"; };
		A858B3CE23EF17F000A904E4 /* Assets.xcassets */ = {isa = PBXFileReference; lastKnownFileType = folder.assetcatalog; path = Assets.xcassets; sourceTree = "<group>"; };
		A858B3D123EF17F000A904E4 /* Base */ = {isa = PBXFileReference; lastKnownFileType = file.storyboard; name = Base; path = Base.lproj/LaunchScreen.storyboard; sourceTree = "<group>"; };
		A858B3D323EF17F000A904E4 /* Info.plist */ = {isa = PBXFileReference; lastKnownFileType = text.plist.xml; path = Info.plist; sourceTree = "<group>"; };
		A8B0164B23F60AC00018122B /* gameOver.swift */ = {isa = PBXFileReference; lastKnownFileType = sourcecode.swift; path = gameOver.swift; sourceTree = "<group>"; };
		A8B0164D23FC45DD0018122B /* CassandraPersonalUseRegular-3BjG.ttf */ = {isa = PBXFileReference; lastKnownFileType = file; name = "CassandraPersonalUseRegular-3BjG.ttf"; path = "../../../../Downloads/cassandra-personal-use-font/CassandraPersonalUseRegular-3BjG.ttf"; sourceTree = "<group>"; };
		A8B0164F23FC48EF0018122B /* Pinecone-Regular.ttf */ = {isa = PBXFileReference; lastKnownFileType = file; name = "Pinecone-Regular.ttf"; path = "../../../../Downloads/Pinecone-Regular.ttf"; sourceTree = "<group>"; };
		A8B0165123FC52170018122B /* equation.swift */ = {isa = PBXFileReference; lastKnownFileType = sourcecode.swift; path = equation.swift; sourceTree = "<group>"; };
/* End PBXFileReference section */

/* Begin PBXFrameworksBuildPhase section */
		A858B3BF23EF17EB00A904E4 /* Frameworks */ = {
			isa = PBXFrameworksBuildPhase;
			buildActionMask = 2147483647;
			files = (
			);
			runOnlyForDeploymentPostprocessing = 0;
		};
/* End PBXFrameworksBuildPhase section */

/* Begin PBXGroup section */
		A858B3B923EF17EB00A904E4 = {
			isa = PBXGroup;
			children = (
				A858B3C423EF17EB00A904E4 /* Math */,
				A858B3C323EF17EB00A904E4 /* Products */,
			);
			sourceTree = "<group>";
		};
		A858B3C323EF17EB00A904E4 /* Products */ = {
			isa = PBXGroup;
			children = (
				A858B3C223EF17EB00A904E4 /* Math.app */,
			);
			name = Products;
			sourceTree = "<group>";
		};
		A858B3C423EF17EB00A904E4 /* Math */ = {
			isa = PBXGroup;
			children = (
				A8B0164B23F60AC00018122B /* gameOver.swift */,
				A858B3C523EF17EB00A904E4 /* AppDelegate.swift */,
				A858B3C723EF17EB00A904E4 /* SceneDelegate.swift */,
				A858B3C923EF17EB00A904E4 /* Maingame.swift */,
				A8B0165123FC52170018122B /* equation.swift */,
				A82A6B8C23F30C7300655B85 /* stats.swift */,
				A858B3CB23EF17EB00A904E4 /* Main.storyboard */,
				A858B3CE23EF17F000A904E4 /* Assets.xcassets */,
				A858B3D023EF17F000A904E4 /* LaunchScreen.storyboard */,
				A8B0164D23FC45DD0018122B /* CassandraPersonalUseRegular-3BjG.ttf */,
				A8B0164F23FC48EF0018122B /* Pinecone-Regular.ttf */,
				A858B3D323EF17F000A904E4 /* Info.plist */,
				A8006A9223F45DC000BFF00E /* Starting.swift */,
				A8006A9423F45E6100BFF00E /* Setup.swift */,
			);
			path = Math;
			sourceTree = "<group>";
		};
/* End PBXGroup section */

/* Begin PBXNativeTarget section */
		A858B3C123EF17EB00A904E4 /* Math */ = {
			isa = PBXNativeTarget;
			buildConfigurationList = A858B3D623EF17F000A904E4 /* Build configuration list for PBXNativeTarget "Math" */;
			buildPhases = (
				A858B3BE23EF17EB00A904E4 /* Sources */,
				A858B3BF23EF17EB00A904E4 /* Frameworks */,
				A858B3C023EF17EB00A904E4 /* Resources */,
			);
			buildRules = (
			);
			dependencies = (
			);
			name = Math;
			productName = Math;
			productReference = A858B3C223EF17EB00A904E4 /* Math.app */;
			productType = "com.apple.product-type.application";
		};
/* End PBXNativeTarget section */

/* Begin PBXProject section */
		A858B3BA23EF17EB00A904E4 /* Project object */ = {
			isa = PBXProject;
			attributes = {
				LastSwiftUpdateCheck = 1130;
				LastUpgradeCheck = 1130;
				ORGANIZATIONNAME = 90304395;
				TargetAttributes = {
					A858B3C123EF17EB00A904E4 = {
						CreatedOnToolsVersion = 11.3.1;
					};
				};
			};
			buildConfigurationList = A858B3BD23EF17EB00A904E4 /* Build configuration list for PBXProject "Math" */;
			compatibilityVersion = "Xcode 9.3";
			developmentRegion = en;
			hasScannedForEncodings = 0;
			knownRegions = (
				en,
				Base,
			);
			mainGroup = A858B3B923EF17EB00A904E4;
			productRefGroup = A858B3C323EF17EB00A904E4 /* Products */;
			projectDirPath = "";
			projectRoot = "";
			targets = (
				A858B3C123EF17EB00A904E4 /* Math */,
			);
		};
/* End PBXProject section */

/* Begin PBXResourcesBuildPhase section */
		A858B3C023EF17EB00A904E4 /* Resources */ = {
			isa = PBXResourcesBuildPhase;
			buildActionMask = 2147483647;
			files = (
				A858B3D223EF17F000A904E4 /* LaunchScreen.storyboard in Resources */,
				A858B3CF23EF17F000A904E4 /* Assets.xcassets in Resources */,
				A8B0165023FC48EF0018122B /* Pinecone-Regular.ttf in Resources */,
				A8B0164E23FC45DD0018122B /* CassandraPersonalUseRegular-3BjG.ttf in Resources */,
				A858B3CD23EF17EB00A904E4 /* Main.storyboard in Resources */,
			);
			runOnlyForDeploymentPostprocessing = 0;
		};
/* End PBXResourcesBuildPhase section */

/* Begin PBXSourcesBuildPhase section */
		A858B3BE23EF17EB00A904E4 /* Sources */ = {
			isa = PBXSourcesBuildPhase;
			buildActionMask = 2147483647;
			files = (
				A858B3CA23EF17EB00A904E4 /* Maingame.swift in Sources */,
				A8006A9523F45E6100BFF00E /* Setup.swift in Sources */,
				A82A6B8D23F30C7300655B85 /* stats.swift in Sources */,
				A8B0165223FC52170018122B /* equation.swift in Sources */,
				A8B0164C23F60AC00018122B /* gameOver.swift in Sources */,
				A8006A9323F45DC100BFF00E /* Starting.swift in Sources */,
				A858B3C623EF17EB00A904E4 /* AppDelegate.swift in Sources */,
				A858B3C823EF17EB00A904E4 /* SceneDelegate.swift in Sources */,
			);
			runOnlyForDeploymentPostprocessing = 0;
		};
/* End PBXSourcesBuildPhase section */

/* Begin PBXVariantGroup section */
		A858B3CB23EF17EB00A904E4 /* Main.storyboard */ = {
			isa = PBXVariantGroup;
			children = (
				A858B3CC23EF17EB00A904E4 /* Base */,
			);
			name = Main.storyboard;
			sourceTree = "<group>";
		};
		A858B3D023EF17F000A904E4 /* LaunchScreen.storyboard */ = {
			isa = PBXVariantGroup;
			children = (
				A858B3D123EF17F000A904E4 /* Base */,
			);
			name = LaunchScreen.storyboard;
			sourceTree = "<group>";
		};
/* End PBXVariantGroup section */

/* Begin XCBuildConfiguration section */
		A858B3D423EF17F000A904E4 /* Debug */ = {
			isa = XCBuildConfiguration;
			buildSettings = {
				ALWAYS_SEARCH_USER_PATHS = NO;
				CLANG_ANALYZER_NONNULL = YES;
				CLANG_ANALYZER_NUMBER_OBJECT_CONVERSION = YES_AGGRESSIVE;
				CLANG_CXX_LANGUAGE_STANDARD = "gnu++14";
				CLANG_CXX_LIBRARY = "libc++";
				CLANG_ENABLE_MODULES = YES;
				CLANG_ENABLE_OBJC_ARC = YES;
				CLANG_ENABLE_OBJC_WEAK = YES;
				CLANG_WARN_BLOCK_CAPTURE_AUTORELEASING = YES;
				CLANG_WARN_BOOL_CONVERSION = YES;
				CLANG_WARN_COMMA = YES;
				CLANG_WARN_CONSTANT_CONVERSION = YES;
				CLANG_WARN_DEPRECATED_OBJC_IMPLEMENTATIONS = YES;
				CLANG_WARN_DIRECT_OBJC_ISA_USAGE = YES_ERROR;
				CLANG_WARN_DOCUMENTATION_COMMENTS = YES;
				CLANG_WARN_EMPTY_BODY = YES;
				CLANG_WARN_ENUM_CONVERSION = YES;
				CLANG_WARN_INFINITE_RECURSION = YES;
				CLANG_WARN_INT_CONVERSION = YES;
				CLANG_WARN_NON_LITERAL_NULL_CONVERSION = YES;
				CLANG_WARN_OBJC_IMPLICIT_RETAIN_SELF = YES;
				CLANG_WARN_OBJC_LITERAL_CONVERSION = YES;
				CLANG_WARN_OBJC_ROOT_CLASS = YES_ERROR;
				CLANG_WARN_RANGE_LOOP_ANALYSIS = YES;
				CLANG_WARN_STRICT_PROTOTYPES = YES;
				CLANG_WARN_SUSPICIOUS_MOVE = YES;
				CLANG_WARN_UNGUARDED_AVAILABILITY = YES_AGGRESSIVE;
				CLANG_WARN_UNREACHABLE_CODE = YES;
				CLANG_WARN__DUPLICATE_METHOD_MATCH = YES;
				COPY_PHASE_STRIP = NO;
				DEBUG_INFORMATION_FORMAT = dwarf;
				ENABLE_STRICT_OBJC_MSGSEND = YES;
				ENABLE_TESTABILITY = YES;
				GCC_C_LANGUAGE_STANDARD = gnu11;
				GCC_DYNAMIC_NO_PIC = NO;
				GCC_NO_COMMON_BLOCKS = YES;
				GCC_OPTIMIZATION_LEVEL = 0;
				GCC_PREPROCESSOR_DEFINITIONS = (
					"DEBUG=1",
					"$(inherited)",
				);
				GCC_WARN_64_TO_32_BIT_CONVERSION = YES;
				GCC_WARN_ABOUT_RETURN_TYPE = YES_ERROR;
				GCC_WARN_UNDECLARED_SELECTOR = YES;
				GCC_WARN_UNINITIALIZED_AUTOS = YES_AGGRESSIVE;
				GCC_WARN_UNUSED_FUNCTION = YES;
				GCC_WARN_UNUSED_VARIABLE = YES;
				IPHONEOS_DEPLOYMENT_TARGET = 13.2;
				MTL_ENABLE_DEBUG_INFO = INCLUDE_SOURCE;
				MTL_FAST_MATH = YES;
				ONLY_ACTIVE_ARCH = YES;
				SDKROOT = iphoneos;
				SWIFT_ACTIVE_COMPILATION_CONDITIONS = DEBUG;
				SWIFT_OPTIMIZATION_LEVEL = "-Onone";
			};
			name = Debug;
		};
		A858B3D523EF17F000A904E4 /* Release */ = {
			isa = XCBuildConfiguration;
			buildSettings = {
				ALWAYS_SEARCH_USER_PATHS = NO;
				CLANG_ANALYZER_NONNULL = YES;
				CLANG_ANALYZER_NUMBER_OBJECT_CONVERSION = YES_AGGRESSIVE;
				CLANG_CXX_LANGUAGE_STANDARD = "gnu++14";
				CLANG_CXX_LIBRARY = "libc++";
				CLANG_ENABLE_MODULES = YES;
				CLANG_ENABLE_OBJC_ARC = YES;
				CLANG_ENABLE_OBJC_WEAK = YES;
				CLANG_WARN_BLOCK_CAPTURE_AUTORELEASING = YES;
				CLANG_WARN_BOOL_CONVERSION = YES;
				CLANG_WARN_COMMA = YES;
				CLANG_WARN_CONSTANT_CONVERSION = YES;
				CLANG_WARN_DEPRECATED_OBJC_IMPLEMENTATIONS = YES;
				CLANG_WARN_DIRECT_OBJC_ISA_USAGE = YES_ERROR;
				CLANG_WARN_DOCUMENTATION_COMMENTS = YES;
				CLANG_WARN_EMPTY_BODY = YES;
				CLANG_WARN_ENUM_CONVERSION = YES;
				CLANG_WARN_INFINITE_RECURSION = YES;
				CLANG_WARN_INT_CONVERSION = YES;
				CLANG_WARN_NON_LITERAL_NULL_CONVERSION = YES;
				CLANG_WARN_OBJC_IMPLICIT_RETAIN_SELF = YES;
				CLANG_WARN_OBJC_LITERAL_CONVERSION = YES;
				CLANG_WARN_OBJC_ROOT_CLASS = YES_ERROR;
				CLANG_WARN_RANGE_LOOP_ANALYSIS = YES;
				CLANG_WARN_STRICT_PROTOTYPES = YES;
				CLANG_WARN_SUSPICIOUS_MOVE = YES;
				CLANG_WARN_UNGUARDED_AVAILABILITY = YES_AGGRESSIVE;
				CLANG_WARN_UNREACHABLE_CODE = YES;
				CLANG_WARN__DUPLICATE_METHOD_MATCH = YES;
				COPY_PHASE_STRIP = NO;
				DEBUG_INFORMATION_FORMAT = "dwarf-with-dsym";
				ENABLE_NS_ASSERTIONS = NO;
				ENABLE_STRICT_OBJC_MSGSEND = YES;
				GCC_C_LANGUAGE_STANDARD = gnu11;
				GCC_NO_COMMON_BLOCKS = YES;
				GCC_WARN_64_TO_32_BIT_CONVERSION = YES;
				GCC_WARN_ABOUT_RETURN_TYPE = YES_ERROR;
				GCC_WARN_UNDECLARED_SELECTOR = YES;
				GCC_WARN_UNINITIALIZED_AUTOS = YES_AGGRESSIVE;
				GCC_WARN_UNUSED_FUNCTION = YES;
				GCC_WARN_UNUSED_VARIABLE = YES;
				IPHONEOS_DEPLOYMENT_TARGET = 13.2;
				MTL_ENABLE_DEBUG_INFO = NO;
				MTL_FAST_MATH = YES;
				SDKROOT = iphoneos;
				SWIFT_COMPILATION_MODE = wholemodule;
				SWIFT_OPTIMIZATION_LEVEL = "-O";
				VALIDATE_PRODUCT = YES;
			};
			name = Release;
		};
		A858B3D723EF17F000A904E4 /* Debug */ = {
			isa = XCBuildConfiguration;
			buildSettings = {
				ASSETCATALOG_COMPILER_APPICON_NAME = AppIcon;
				CODE_SIGN_STYLE = Automatic;
				DEVELOPMENT_TEAM = 883DK65VTV;
				INFOPLIST_FILE = Math/Info.plist;
				LD_RUNPATH_SEARCH_PATHS = (
					"$(inherited)",
					"@executable_path/Frameworks",
				);
				PRODUCT_BUNDLE_IDENTIFIER = edu.ephs2020.mentalmath2020;
				PRODUCT_NAME = "$(TARGET_NAME)";
				SWIFT_VERSION = 5.0;
				TARGETED_DEVICE_FAMILY = 1;
			};
			name = Debug;
		};
		A858B3D823EF17F000A904E4 /* Release */ = {
			isa = XCBuildConfiguration;
			buildSettings = {
				ASSETCATALOG_COMPILER_APPICON_NAME = AppIcon;
				CODE_SIGN_STYLE = Automatic;
				DEVELOPMENT_TEAM = 883DK65VTV;
				INFOPLIST_FILE = Math/Info.plist;
				LD_RUNPATH_SEARCH_PATHS = (
					"$(inherited)",
					"@executable_path/Frameworks",
				);
				PRODUCT_BUNDLE_IDENTIFIER = edu.ephs2020.mentalmath2020;
				PRODUCT_NAME = "$(TARGET_NAME)";
				SWIFT_VERSION = 5.0;
				TARGETED_DEVICE_FAMILY = 1;
			};
			name = Release;
		};
/* End XCBuildConfiguration section */

/* Begin XCConfigurationList section */
		A858B3BD23EF17EB00A904E4 /* Build configuration list for PBXProject "Math" */ = {
			isa = XCConfigurationList;
			buildConfigurations = (
				A858B3D423EF17F000A904E4 /* Debug */,
				A858B3D523EF17F000A904E4 /* Release */,
			);
			defaultConfigurationIsVisible = 0;
			defaultConfigurationName = Release;
		};
		A858B3D623EF17F000A904E4 /* Build configuration list for PBXNativeTarget "Math" */ = {
			isa = XCConfigurationList;
			buildConfigurations = (
				A858B3D723EF17F000A904E4 /* Debug */,
				A858B3D823EF17F000A904E4 /* Release */,
			);
			defaultConfigurationIsVisible = 0;
			defaultConfigurationName = Release;
		};
/* End XCConfigurationList section */
	};
	rootObject = A858B3BA23EF17EB00A904E4 /* Project object */;
}
